
Microsoft Visual Studio Solution File, Format Version 12.00
# Visual Studio Version 16
VisualStudioVersion = 16.0.29613.14
MinimumVisualStudioVersion = 10.0.40219.1
Project("{FAE04EC0-301F-11D3-BF4B-00C04F79EFBC}") = "MailDownloader", "MailDownloader\MailDownloader.csproj", "{DC17BD10-EDB0-4FC1-A10C-99225C0D212B}"
EndProject
Project("{FAE04EC0-301F-11D3-BF4B-00C04F79EFBC}") = "MailDownloaderConsoleTest", "MailDownloaderConsoleTest\MailDownloaderConsoleTest.csproj", "{B9DBE298-BD12-4BD5-B64A-65A2E6A866DF}"
EndProject
Project("{FAE04EC0-301F-11D3-BF4B-00C04F79EFBC}") = "MailSorter", "MailSorter\MailSorter.csproj", "{E5609FF8-45D2-4EF0-8010-963E84F13896}"
EndProject
Global
	GlobalSection(SolutionConfigurationPlatforms) = preSolution
		Debug|Any CPU = Debug|Any CPU
		Release|Any CPU = Release|Any CPU
	EndGlobalSection
	GlobalSection(ProjectConfigurationPlatforms) = postSolution
		{DC17BD10-EDB0-4FC1-A10C-99225C0D212B}.Debug|Any CPU.ActiveCfg = Debug|Any CPU
		{DC17BD10-EDB0-4FC1-A10C-99225C0D212B}.Debug|Any CPU.Build.0 = Debug|Any CPU
		{DC17BD10-EDB0-4FC1-A10C-99225C0D212B}.Release|Any CPU.ActiveCfg = Release|Any CPU
		{DC17BD10-EDB0-4FC1-A10C-99225C0D212B}.Release|Any CPU.Build.0 = Release|Any CPU
		{B9DBE298-BD12-4BD5-B64A-65A2E6A866DF}.Debug|Any CPU.ActiveCfg = Debug|Any CPU
		{B9DBE298-BD12-4BD5-B64A-65A2E6A866DF}.Debug|Any CPU.Build.0 = Debug|Any CPU
		{B9DBE298-BD12-4BD5-B64A-65A2E6A866DF}.Release|Any CPU.ActiveCfg = Release|Any CPU
		{B9DBE298-BD12-4BD5-B64A-65A2E6A866DF}.Release|Any CPU.Build.0 = Release|Any CPU
		{E5609FF8-45D2-4EF0-8010-963E84F13896}.Debug|Any CPU.ActiveCfg = Debug|Any CPU
		{E5609FF8-45D2-4EF0-8010-963E84F13896}.Debug|Any CPU.Build.0 = Debug|Any CPU
		{E5609FF8-45D2-4EF0-8010-963E84F13896}.Release|Any CPU.ActiveCfg = Release|Any CPU
		{E5609FF8-45D2-4EF0-8010-963E84F13896}.Release|Any CPU.Build.0 = Release|Any CPU
	EndGlobalSection
	GlobalSection(SolutionProperties) = preSolution
		HideSolutionNode = FALSE
	EndGlobalSection
	GlobalSection(ExtensibilityGlobals) = postSolution
		SolutionGuid = {A28E32E6-E249-4101-8627-023FFC603FD0}
	EndGlobalSection
EndGlobal
